
Microsoft Visual Studio Solution File, Format Version 12.00
# Visual Studio Version 17
VisualStudioVersion = 17.8.34309.116
MinimumVisualStudioVersion = 10.0.40219.1
Project("{9A19103F-16F7-4668-BE54-9A1E7A4F7556}") = "Pet-Shop-API", "Pet-Shop-API\Pet-Shop-API.csproj", "{51AB0301-018D-40C8-B9C2-7A48AC770ADB}"
EndProject
Project("{FAE04EC0-301F-11D3-BF4B-00C04F79EFBC}") = "PetShopTests", "PetShopTests\PetShopTests.csproj", "{AA46A898-D2C2-41E3-87B9-D00F7188631C}"
EndProject
Global
	GlobalSection(SolutionConfigurationPlatforms) = preSolution
		Debug|Any CPU = Debug|Any CPU
		Release|Any CPU = Release|Any CPU
	EndGlobalSection
	GlobalSection(ProjectConfigurationPlatforms) = postSolution
		{51AB0301-018D-40C8-B9C2-7A48AC770ADB}.Debug|Any CPU.ActiveCfg = Debug|Any CPU
		{51AB0301-018D-40C8-B9C2-7A48AC770ADB}.Debug|Any CPU.Build.0 = Debug|Any CPU
		{51AB0301-018D-40C8-B9C2-7A48AC770ADB}.Release|Any CPU.ActiveCfg = Release|Any CPU
		{51AB0301-018D-40C8-B9C2-7A48AC770ADB}.Release|Any CPU.Build.0 = Release|Any CPU
		{AA46A898-D2C2-41E3-87B9-D00F7188631C}.Debug|Any CPU.ActiveCfg = Debug|Any CPU
		{AA46A898-D2C2-41E3-87B9-D00F7188631C}.Debug|Any CPU.Build.0 = Debug|Any CPU
		{AA46A898-D2C2-41E3-87B9-D00F7188631C}.Release|Any CPU.ActiveCfg = Release|Any CPU
		{AA46A898-D2C2-41E3-87B9-D00F7188631C}.Release|Any CPU.Build.0 = Release|Any CPU
	EndGlobalSection
	GlobalSection(SolutionProperties) = preSolution
		HideSolutionNode = FALSE
	EndGlobalSection
	GlobalSection(ExtensibilityGlobals) = postSolution
		SolutionGuid = {2115B32C-8E3C-4F3D-A923-B89FD5861EA5}
	EndGlobalSection
EndGlobal
